// !$*UTF8*$!
{
	archiveVersion = 1;
	classes = {
	};
	objectVersion = 50;
	objects = {

/* Begin PBXBuildFile section */
		74865EE521F08F4500D676C0 /* AppDelegate.swift in Sources */ = {isa = PBXBuildFile; fileRef = 74865EE421F08F4500D676C0 /* AppDelegate.swift */; };
		74865EE721F08F4500D676C0 /* ViewController.swift in Sources */ = {isa = PBXBuildFile; fileRef = 74865EE621F08F4500D676C0 /* ViewController.swift */; };
		74865EEA21F08F4500D676C0 /* Main.storyboard in Resources */ = {isa = PBXBuildFile; fileRef = 74865EE821F08F4500D676C0 /* Main.storyboard */; };
		74865EEC21F08F4600D676C0 /* Assets.xcassets in Resources */ = {isa = PBXBuildFile; fileRef = 74865EEB21F08F4600D676C0 /* Assets.xcassets */; };
		74865EEF21F08F4600D676C0 /* LaunchScreen.storyboard in Resources */ = {isa = PBXBuildFile; fileRef = 74865EED21F08F4600D676C0 /* LaunchScreen.storyboard */; };
		74865EF721F093E900D676C0 /* CardModel.swift in Sources */ = {isa = PBXBuildFile; fileRef = 74865EF621F093E900D676C0 /* CardModel.swift */; };
		74865EF921F0956C00D676C0 /* Card.swift in Sources */ = {isa = PBXBuildFile; fileRef = 74865EF821F0956C00D676C0 /* Card.swift */; };
		74865EFB21F099F700D676C0 /* CardCollectionViewCell.swift in Sources */ = {isa = PBXBuildFile; fileRef = 74865EFA21F099F700D676C0 /* CardCollectionViewCell.swift */; };
		74B0F56321F3311100CA83AC /* cardflip.wav in Resources */ = {isa = PBXBuildFile; fileRef = 74B0F55F21F3311100CA83AC /* cardflip.wav */; };
		74B0F56421F3311100CA83AC /* dingwrong.wav in Resources */ = {isa = PBXBuildFile; fileRef = 74B0F56021F3311100CA83AC /* dingwrong.wav */; };
		74B0F56521F3311100CA83AC /* dingcorrect.wav in Resources */ = {isa = PBXBuildFile; fileRef = 74B0F56121F3311100CA83AC /* dingcorrect.wav */; };
		74B0F56621F3311100CA83AC /* shuffle.wav in Resources */ = {isa = PBXBuildFile; fileRef = 74B0F56221F3311100CA83AC /* shuffle.wav */; };
		74B0F56921F3314E00CA83AC /* AVFoundation.framework in Frameworks */ = {isa = PBXBuildFile; fileRef = 74B0F56821F3314E00CA83AC /* AVFoundation.framework */; };
		74B0F56B21F3319F00CA83AC /* SoundManager.swift in Sources */ = {isa = PBXBuildFile; fileRef = 74B0F56A21F3319F00CA83AC /* SoundManager.swift */; };
/* End PBXBuildFile section */

/* Begin PBXFileReference section */
		74865EE121F08F4500D676C0 /* Match App.app */ = {isa = PBXFileReference; explicitFileType = wrapper.application; includeInIndex = 0; path = "Match App.app"; sourceTree = BUILT_PRODUCTS_DIR; };
		74865EE421F08F4500D676C0 /* AppDelegate.swift */ = {isa = PBXFileReference; lastKnownFileType = sourcecode.swift; path = AppDelegate.swift; sourceTree = "<group>"; };
		74865EE621F08F4500D676C0 /* ViewController.swift */ = {isa = PBXFileReference; lastKnownFileType = sourcecode.swift; path = ViewController.swift; sourceTree = "<group>"; };
		74865EE921F08F4500D676C0 /* Base */ = {isa = PBXFileReference; lastKnownFileType = file.storyboard; name = Base; path = Base.lproj/Main.storyboard; sourceTree = "<group>"; };
		74865EEB21F08F4600D676C0 /* Assets.xcassets */ = {isa = PBXFileReference; lastKnownFileType = folder.assetcatalog; path = Assets.xcassets; sourceTree = "<group>"; };
		74865EEE21F08F4600D676C0 /* Base */ = {isa = PBXFileReference; lastKnownFileType = file.storyboard; name = Base; path = Base.lproj/LaunchScreen.storyboard; sourceTree = "<group>"; };
		74865EF021F08F4600D676C0 /* Info.plist */ = {isa = PBXFileReference; lastKnownFileType = text.plist.xml; path = Info.plist; sourceTree = "<group>"; };
		74865EF621F093E900D676C0 /* CardModel.swift */ = {isa = PBXFileReference; lastKnownFileType = sourcecode.swift; path = CardModel.swift; sourceTree = "<group>"; };
		74865EF821F0956C00D676C0 /* Card.swift */ = {isa = PBXFileReference; lastKnownFileType = sourcecode.swift; path = Card.swift; sourceTree = "<group>"; };
		74865EFA21F099F700D676C0 /* CardCollectionViewCell.swift */ = {isa = PBXFileReference; lastKnownFileType = sourcecode.swift; path = CardCollectionViewCell.swift; sourceTree = "<group>"; };
		74B0F55F21F3311100CA83AC /* cardflip.wav */ = {isa = PBXFileReference; lastKnownFileType = audio.wav; path = cardflip.wav; sourceTree = "<group>"; };
		74B0F56021F3311100CA83AC /* dingwrong.wav */ = {isa = PBXFileReference; lastKnownFileType = audio.wav; path = dingwrong.wav; sourceTree = "<group>"; };
		74B0F56121F3311100CA83AC /* dingcorrect.wav */ = {isa = PBXFileReference; lastKnownFileType = audio.wav; path = dingcorrect.wav; sourceTree = "<group>"; };
		74B0F56221F3311100CA83AC /* shuffle.wav */ = {isa = PBXFileReference; lastKnownFileType = audio.wav; path = shuffle.wav; sourceTree = "<group>"; };
		74B0F56821F3314E00CA83AC /* AVFoundation.framework */ = {isa = PBXFileReference; lastKnownFileType = wrapper.framework; name = AVFoundation.framework; path = System/Library/Frameworks/AVFoundation.framework; sourceTree = SDKROOT; };
		74B0F56A21F3319F00CA83AC /* SoundManager.swift */ = {isa = PBXFileReference; lastKnownFileType = sourcecode.swift; path = SoundManager.swift; sourceTree = "<group>"; };
/* End PBXFileReference section */

/* Begin PBXFrameworksBuildPhase section */
		74865EDE21F08F4500D676C0 /* Frameworks */ = {
			isa = PBXFrameworksBuildPhase;
			buildActionMask = 2147483647;
			files = (
				74B0F56921F3314E00CA83AC /* AVFoundation.framework in Frameworks */,
			);
			runOnlyForDeploymentPostprocessing = 0;
		};
/* End PBXFrameworksBuildPhase section */

/* Begin PBXGroup section */
		74865ED821F08F4400D676C0 = {
			isa = PBXGroup;
			children = (
				74865EE321F08F4500D676C0 /* Match App */,
				74865EE221F08F4500D676C0 /* Products */,
				74B0F56721F3314E00CA83AC /* Frameworks */,
			);
			sourceTree = "<group>";
		};
		74865EE221F08F4500D676C0 /* Products */ = {
			isa = PBXGroup;
			children = (
				74865EE121F08F4500D676C0 /* Match App.app */,
			);
			name = Products;
			sourceTree = "<group>";
		};
		74865EE321F08F4500D676C0 /* Match App */ = {
			isa = PBXGroup;
			children = (
				74B0F55E21F330CF00CA83AC /* Sounds */,
				74865EE421F08F4500D676C0 /* AppDelegate.swift */,
				74865EE621F08F4500D676C0 /* ViewController.swift */,
				74865EF621F093E900D676C0 /* CardModel.swift */,
				74865EF821F0956C00D676C0 /* Card.swift */,
				74865EFA21F099F700D676C0 /* CardCollectionViewCell.swift */,
				74B0F56A21F3319F00CA83AC /* SoundManager.swift */,
				74865EE821F08F4500D676C0 /* Main.storyboard */,
				74865EEB21F08F4600D676C0 /* Assets.xcassets */,
				74865EED21F08F4600D676C0 /* LaunchScreen.storyboard */,
				74865EF021F08F4600D676C0 /* Info.plist */,
			);
			path = "Match App";
			sourceTree = "<group>";
		};
		74B0F55E21F330CF00CA83AC /* Sounds */ = {
			isa = PBXGroup;
			children = (
				74B0F55F21F3311100CA83AC /* cardflip.wav */,
				74B0F56121F3311100CA83AC /* dingcorrect.wav */,
				74B0F56021F3311100CA83AC /* dingwrong.wav */,
				74B0F56221F3311100CA83AC /* shuffle.wav */,
			);
			path = Sounds;
			sourceTree = "<group>";
		};
		74B0F56721F3314E00CA83AC /* Frameworks */ = {
			isa = PBXGroup;
			children = (
				74B0F56821F3314E00CA83AC /* AVFoundation.framework */,
			);
			name = Frameworks;
			sourceTree = "<group>";
		};
/* End PBXGroup section */

/* Begin PBXNativeTarget section */
		74865EE021F08F4500D676C0 /* Match App */ = {
			isa = PBXNativeTarget;
			buildConfigurationList = 74865EF321F08F4600D676C0 /* Build configuration list for PBXNativeTarget "Match App" */;
			buildPhases = (
				74865EDD21F08F4500D676C0 /* Sources */,
				74865EDE21F08F4500D676C0 /* Frameworks */,
				74865EDF21F08F4500D676C0 /* Resources */,
			);
			buildRules = (
			);
			dependencies = (
			);
			name = "Match App";
			productName = "Match App";
			productReference = 74865EE121F08F4500D676C0 /* Match App.app */;
			productType = "com.apple.product-type.application";
		};
/* End PBXNativeTarget section */

/* Begin PBXProject section */
		74865ED921F08F4400D676C0 /* Project object */ = {
			isa = PBXProject;
			attributes = {
				LastSwiftUpdateCheck = 1010;
				LastUpgradeCheck = 1010;
				ORGANIZATIONNAME = Micejian;
				TargetAttributes = {
					74865EE021F08F4500D676C0 = {
						CreatedOnToolsVersion = 10.1;
					};
				};
			};
			buildConfigurationList = 74865EDC21F08F4400D676C0 /* Build configuration list for PBXProject "Match App" */;
			compatibilityVersion = "Xcode 9.3";
			developmentRegion = en;
			hasScannedForEncodings = 0;
			knownRegions = (
				en,
				Base,
			);
			mainGroup = 74865ED821F08F4400D676C0;
			productRefGroup = 74865EE221F08F4500D676C0 /* Products */;
			projectDirPath = "";
			projectRoot = "";
			targets = (
				74865EE021F08F4500D676C0 /* Match App */,
			);
		};
/* End PBXProject section */

/* Begin PBXResourcesBuildPhase section */
		74865EDF21F08F4500D676C0 /* Resources */ = {
			isa = PBXResourcesBuildPhase;
			buildActionMask = 2147483647;
			files = (
				74865EEF21F08F4600D676C0 /* LaunchScreen.storyboard in Resources */,
				74B0F56421F3311100CA83AC /* dingwrong.wav in Resources */,
				74B0F56321F3311100CA83AC /* cardflip.wav in Resources */,
				74B0F56621F3311100CA83AC /* shuffle.wav in Resources */,
				74865EEC21F08F4600D676C0 /* Assets.xcassets in Resources */,
				74865EEA21F08F4500D676C0 /* Main.storyboard in Resources */,
				74B0F56521F3311100CA83AC /* dingcorrect.wav in Resources */,
			);
			runOnlyForDeploymentPostprocessing = 0;
		};
/* End PBXResourcesBuildPhase section */

/* Begin PBXSourcesBuildPhase section */
		74865EDD21F08F4500D676C0 /* Sources */ = {
			isa = PBXSourcesBuildPhase;
			buildActionMask = 2147483647;
			files = (
				74865EE721F08F4500D676C0 /* ViewController.swift in Sources */,
				74865EE521F08F4500D676C0 /* AppDelegate.swift in Sources */,
				74865EF721F093E900D676C0 /* CardModel.swift in Sources */,
				74865EFB21F099F700D676C0 /* CardCollectionViewCell.swift in Sources */,
				74865EF921F0956C00D676C0 /* Card.swift in Sources */,
				74B0F56B21F3319F00CA83AC /* SoundManager.swift in Sources */,
			);
			runOnlyForDeploymentPostprocessing = 0;
		};
/* End PBXSourcesBuildPhase section */

/* Begin PBXVariantGroup section */
		74865EE821F08F4500D676C0 /* Main.storyboard */ = {
			isa = PBXVariantGroup;
			children = (
				74865EE921F08F4500D676C0 /* Base */,
			);
			name = Main.storyboard;
			sourceTree = "<group>";
		};
		74865EED21F08F4600D676C0 /* LaunchScreen.storyboard */ = {
			isa = PBXVariantGroup;
			children = (
				74865EEE21F08F4600D676C0 /* Base */,
			);
			name = LaunchScreen.storyboard;
			sourceTree = "<group>";
		};
/* End PBXVariantGroup section */

/* Begin XCBuildConfiguration section */
		74865EF121F08F4600D676C0 /* Debug */ = {
			isa = XCBuildConfiguration;
			buildSettings = {
				ALWAYS_SEARCH_USER_PATHS = NO;
				CLANG_ANALYZER_NONNULL = YES;
				CLANG_ANALYZER_NUMBER_OBJECT_CONVERSION = YES_AGGRESSIVE;
				CLANG_CXX_LANGUAGE_STANDARD = "gnu++14";
				CLANG_CXX_LIBRARY = "libc++";
				CLANG_ENABLE_MODULES = YES;
				CLANG_ENABLE_OBJC_ARC = YES;
				CLANG_ENABLE_OBJC_WEAK = YES;
				CLANG_WARN_BLOCK_CAPTURE_AUTORELEASING = YES;
				CLANG_WARN_BOOL_CONVERSION = YES;
				CLANG_WARN_COMMA = YES;
				CLANG_WARN_CONSTANT_CONVERSION = YES;
				CLANG_WARN_DEPRECATED_OBJC_IMPLEMENTATIONS = YES;
				CLANG_WARN_DIRECT_OBJC_ISA_USAGE = YES_ERROR;
				CLANG_WARN_DOCUMENTATION_COMMENTS = YES;
				CLANG_WARN_EMPTY_BODY = YES;
				CLANG_WARN_ENUM_CONVERSION = YES;
				CLANG_WARN_INFINITE_RECURSION = YES;
				CLANG_WARN_INT_CONVERSION = YES;
				CLANG_WARN_NON_LITERAL_NULL_CONVERSION = YES;
				CLANG_WARN_OBJC_IMPLICIT_RETAIN_SELF = YES;
				CLANG_WARN_OBJC_LITERAL_CONVERSION = YES;
				CLANG_WARN_OBJC_ROOT_CLASS = YES_ERROR;
				CLANG_WARN_RANGE_LOOP_ANALYSIS = YES;
				CLANG_WARN_STRICT_PROTOTYPES = YES;
				CLANG_WARN_SUSPICIOUS_MOVE = YES;
				CLANG_WARN_UNGUARDED_AVAILABILITY = YES_AGGRESSIVE;
				CLANG_WARN_UNREACHABLE_CODE = YES;
				CLANG_WARN__DUPLICATE_METHOD_MATCH = YES;
				CODE_SIGN_IDENTITY = "iPhone Developer";
				COPY_PHASE_STRIP = NO;
				DEBUG_INFORMATION_FORMAT = dwarf;
				ENABLE_STRICT_OBJC_MSGSEND = YES;
				ENABLE_TESTABILITY = YES;
				GCC_C_LANGUAGE_STANDARD = gnu11;
				GCC_DYNAMIC_NO_PIC = NO;
				GCC_NO_COMMON_BLOCKS = YES;
				GCC_OPTIMIZATION_LEVEL = 0;
				GCC_PREPROCESSOR_DEFINITIONS = (
					"DEBUG=1",
					"$(inherited)",
				);
				GCC_WARN_64_TO_32_BIT_CONVERSION = YES;
				GCC_WARN_ABOUT_RETURN_TYPE = YES_ERROR;
				GCC_WARN_UNDECLARED_SELECTOR = YES;
				GCC_WARN_UNINITIALIZED_AUTOS = YES_AGGRESSIVE;
				GCC_WARN_UNUSED_FUNCTION = YES;
				GCC_WARN_UNUSED_VARIABLE = YES;
				IPHONEOS_DEPLOYMENT_TARGET = 12.1;
				MTL_ENABLE_DEBUG_INFO = INCLUDE_SOURCE;
				MTL_FAST_MATH = YES;
				ONLY_ACTIVE_ARCH = YES;
				SDKROOT = iphoneos;
				SWIFT_ACTIVE_COMPILATION_CONDITIONS = DEBUG;
				SWIFT_OPTIMIZATION_LEVEL = "-Onone";
			};
			name = Debug;
		};
		74865EF221F08F4600D676C0 /* Release */ = {
			isa = XCBuildConfiguration;
			buildSettings = {
				ALWAYS_SEARCH_USER_PATHS = NO;
				CLANG_ANALYZER_NONNULL = YES;
				CLANG_ANALYZER_NUMBER_OBJECT_CONVERSION = YES_AGGRESSIVE;
				CLANG_CXX_LANGUAGE_STANDARD = "gnu++14";
				CLANG_CXX_LIBRARY = "libc++";
				CLANG_ENABLE_MODULES = YES;
				CLANG_ENABLE_OBJC_ARC = YES;
				CLANG_ENABLE_OBJC_WEAK = YES;
				CLANG_WARN_BLOCK_CAPTURE_AUTORELEASING = YES;
				CLANG_WARN_BOOL_CONVERSION = YES;
				CLANG_WARN_COMMA = YES;
				CLANG_WARN_CONSTANT_CONVERSION = YES;
				CLANG_WARN_DEPRECATED_OBJC_IMPLEMENTATIONS = YES;
				CLANG_WARN_DIRECT_OBJC_ISA_USAGE = YES_ERROR;
				CLANG_WARN_DOCUMENTATION_COMMENTS = YES;
				CLANG_WARN_EMPTY_BODY = YES;
				CLANG_WARN_ENUM_CONVERSION = YES;
				CLANG_WARN_INFINITE_RECURSION = YES;
				CLANG_WARN_INT_CONVERSION = YES;
				CLANG_WARN_NON_LITERAL_NULL_CONVERSION = YES;
				CLANG_WARN_OBJC_IMPLICIT_RETAIN_SELF = YES;
				CLANG_WARN_OBJC_LITERAL_CONVERSION = YES;
				CLANG_WARN_OBJC_ROOT_CLASS = YES_ERROR;
				CLANG_WARN_RANGE_LOOP_ANALYSIS = YES;
				CLANG_WARN_STRICT_PROTOTYPES = YES;
				CLANG_WARN_SUSPICIOUS_MOVE = YES;
				CLANG_WARN_UNGUARDED_AVAILABILITY = YES_AGGRESSIVE;
				CLANG_WARN_UNREACHABLE_CODE = YES;
				CLANG_WARN__DUPLICATE_METHOD_MATCH = YES;
				CODE_SIGN_IDENTITY = "iPhone Developer";
				COPY_PHASE_STRIP = NO;
				DEBUG_INFORMATION_FORMAT = "dwarf-with-dsym";
				ENABLE_NS_ASSERTIONS = NO;
				ENABLE_STRICT_OBJC_MSGSEND = YES;
				GCC_C_LANGUAGE_STANDARD = gnu11;
				GCC_NO_COMMON_BLOCKS = YES;
				GCC_WARN_64_TO_32_BIT_CONVERSION = YES;
				GCC_WARN_ABOUT_RETURN_TYPE = YES_ERROR;
				GCC_WARN_UNDECLARED_SELECTOR = YES;
				GCC_WARN_UNINITIALIZED_AUTOS = YES_AGGRESSIVE;
				GCC_WARN_UNUSED_FUNCTION = YES;
				GCC_WARN_UNUSED_VARIABLE = YES;
				IPHONEOS_DEPLOYMENT_TARGET = 12.1;
				MTL_ENABLE_DEBUG_INFO = NO;
				MTL_FAST_MATH = YES;
				SDKROOT = iphoneos;
				SWIFT_COMPILATION_MODE = wholemodule;
				SWIFT_OPTIMIZATION_LEVEL = "-O";
				VALIDATE_PRODUCT = YES;
			};
			name = Release;
		};
		74865EF421F08F4600D676C0 /* Debug */ = {
			isa = XCBuildConfiguration;
			buildSettings = {
				ASSETCATALOG_COMPILER_APPICON_NAME = AppIcon;
				CODE_SIGN_STYLE = Automatic;
				DEVELOPMENT_TEAM = 22HPWYP57W;
				INFOPLIST_FILE = "Match App/Info.plist";
				LD_RUNPATH_SEARCH_PATHS = (
					"$(inherited)",
					"@executable_path/Frameworks",
				);
				PRODUCT_BUNDLE_IDENTIFIER = "com.Micejian.Match-App";
				PRODUCT_NAME = "$(TARGET_NAME)";
				SWIFT_VERSION = 4.2;
				TARGETED_DEVICE_FAMILY = "1,2";
			};
			name = Debug;
		};
		74865EF521F08F4600D676C0 /* Release */ = {
			isa = XCBuildConfiguration;
			buildSettings = {
				ASSETCATALOG_COMPILER_APPICON_NAME = AppIcon;
				CODE_SIGN_STYLE = Automatic;
				DEVELOPMENT_TEAM = 22HPWYP57W;
				INFOPLIST_FILE = "Match App/Info.plist";
				LD_RUNPATH_SEARCH_PATHS = (
					"$(inherited)",
					"@executable_path/Frameworks",
				);
				PRODUCT_BUNDLE_IDENTIFIER = "com.Micejian.Match-App";
				PRODUCT_NAME = "$(TARGET_NAME)";
				SWIFT_VERSION = 4.2;
				TARGETED_DEVICE_FAMILY = "1,2";
			};
			name = Release;
		};
/* End XCBuildConfiguration section */

/* Begin XCConfigurationList section */
		74865EDC21F08F4400D676C0 /* Build configuration list for PBXProject "Match App" */ = {
			isa = XCConfigurationList;
			buildConfigurations = (
				74865EF121F08F4600D676C0 /* Debug */,
				74865EF221F08F4600D676C0 /* Release */,
			);
			defaultConfigurationIsVisible = 0;
			defaultConfigurationName = Release;
		};
		74865EF321F08F4600D676C0 /* Build configuration list for PBXNativeTarget "Match App" */ = {
			isa = XCConfigurationList;
			buildConfigurations = (
				74865EF421F08F4600D676C0 /* Debug */,
				74865EF521F08F4600D676C0 /* Release */,
			);
			defaultConfigurationIsVisible = 0;
			defaultConfigurationName = Release;
		};
/* End XCConfigurationList section */
	};
	rootObject = 74865ED921F08F4400D676C0 /* Project object */;
}
